
Microsoft Visual Studio Solution File, Format Version 12.00
Project("{FAE04EC0-301F-11D3-BF4B-00C04F79EFBC}") = "Khartyko.InsigniaCreator.MainApp", "Khartyko.InsigniaCreator.MainApp\Khartyko.InsigniaCreator.MainApp.csproj", "{59288D33-6FF1-494C-8621-AA0E4AD9705A}"
EndProject
Project("{FAE04EC0-301F-11D3-BF4B-00C04F79EFBC}") = "Khartyko.InsigniaCreator.Library", "Khartyko.InsigniaCreator.Library\Khartyko.InsigniaCreator.Library.csproj", "{A1FEADFB-A2A3-44D0-9CC0-B82778942865}"
EndProject
Project("{FAE04EC0-301F-11D3-BF4B-00C04F79EFBC}") = "Khartyko.InsigniaCreator.Domain", "Khartyko.InsigniaCreator.Domain\Khartyko.InsigniaCreator.Domain.csproj", "{D620C22A-E6FA-4691-99C1-B6D2FCD99557}"
EndProject
Project("{FAE04EC0-301F-11D3-BF4B-00C04F79EFBC}") = "Khartyko.InsigniaCreator.Domain.Testing", "Testing\Khartyko.InsigniaCreator.Domain.Testing\Khartyko.InsigniaCreator.Domain.Testing.csproj", "{0033657F-071E-4D3C-8C32-DF005EB844BD}"
EndProject
Project("{2150E333-8FDC-42A3-9474-1A3956D46DE8}") = "Testing", "Testing", "{A992FD23-44A7-44AF-BE06-BA81ECB12E33}"
EndProject
Project("{FAE04EC0-301F-11D3-BF4B-00C04F79EFBC}") = "Khartyko.InsigniaCreator.Library.Testing", "Testing\Khartyko.InsigniaCreator.Library.Testing\Khartyko.InsigniaCreator.Library.Testing.csproj", "{40B1F605-D582-4A1A-A11A-25F52140E706}"
EndProject
Project("{FAE04EC0-301F-11D3-BF4B-00C04F79EFBC}") = "Khartyko.InsigniaCreator.MainApp.Testing", "Testing\Khartyko.InsigniaCreator.MainApp.Testing\Khartyko.InsigniaCreator.MainApp.Testing.csproj", "{020D3A81-1ED7-4893-ABE8-1B917ACCB15A}"
EndProject
Global
	GlobalSection(SolutionConfigurationPlatforms) = preSolution
		Debug|Any CPU = Debug|Any CPU
		Release|Any CPU = Release|Any CPU
	EndGlobalSection
	GlobalSection(ProjectConfigurationPlatforms) = postSolution
		{59288D33-6FF1-494C-8621-AA0E4AD9705A}.Debug|Any CPU.ActiveCfg = Debug|Any CPU
		{59288D33-6FF1-494C-8621-AA0E4AD9705A}.Debug|Any CPU.Build.0 = Debug|Any CPU
		{59288D33-6FF1-494C-8621-AA0E4AD9705A}.Release|Any CPU.ActiveCfg = Release|Any CPU
		{59288D33-6FF1-494C-8621-AA0E4AD9705A}.Release|Any CPU.Build.0 = Release|Any CPU
		{A1FEADFB-A2A3-44D0-9CC0-B82778942865}.Debug|Any CPU.ActiveCfg = Debug|Any CPU
		{A1FEADFB-A2A3-44D0-9CC0-B82778942865}.Debug|Any CPU.Build.0 = Debug|Any CPU
		{A1FEADFB-A2A3-44D0-9CC0-B82778942865}.Release|Any CPU.ActiveCfg = Release|Any CPU
		{A1FEADFB-A2A3-44D0-9CC0-B82778942865}.Release|Any CPU.Build.0 = Release|Any CPU
		{D620C22A-E6FA-4691-99C1-B6D2FCD99557}.Debug|Any CPU.ActiveCfg = Debug|Any CPU
		{D620C22A-E6FA-4691-99C1-B6D2FCD99557}.Debug|Any CPU.Build.0 = Debug|Any CPU
		{D620C22A-E6FA-4691-99C1-B6D2FCD99557}.Release|Any CPU.ActiveCfg = Release|Any CPU
		{D620C22A-E6FA-4691-99C1-B6D2FCD99557}.Release|Any CPU.Build.0 = Release|Any CPU
		{0033657F-071E-4D3C-8C32-DF005EB844BD}.Debug|Any CPU.ActiveCfg = Debug|Any CPU
		{0033657F-071E-4D3C-8C32-DF005EB844BD}.Debug|Any CPU.Build.0 = Debug|Any CPU
		{0033657F-071E-4D3C-8C32-DF005EB844BD}.Release|Any CPU.ActiveCfg = Release|Any CPU
		{0033657F-071E-4D3C-8C32-DF005EB844BD}.Release|Any CPU.Build.0 = Release|Any CPU
		{40B1F605-D582-4A1A-A11A-25F52140E706}.Debug|Any CPU.ActiveCfg = Debug|Any CPU
		{40B1F605-D582-4A1A-A11A-25F52140E706}.Debug|Any CPU.Build.0 = Debug|Any CPU
		{40B1F605-D582-4A1A-A11A-25F52140E706}.Release|Any CPU.ActiveCfg = Release|Any CPU
		{40B1F605-D582-4A1A-A11A-25F52140E706}.Release|Any CPU.Build.0 = Release|Any CPU
		{020D3A81-1ED7-4893-ABE8-1B917ACCB15A}.Debug|Any CPU.ActiveCfg = Debug|Any CPU
		{020D3A81-1ED7-4893-ABE8-1B917ACCB15A}.Debug|Any CPU.Build.0 = Debug|Any CPU
		{020D3A81-1ED7-4893-ABE8-1B917ACCB15A}.Release|Any CPU.ActiveCfg = Release|Any CPU
		{020D3A81-1ED7-4893-ABE8-1B917ACCB15A}.Release|Any CPU.Build.0 = Release|Any CPU
	EndGlobalSection
	GlobalSection(NestedProjects) = preSolution
		{0033657F-071E-4D3C-8C32-DF005EB844BD} = {A992FD23-44A7-44AF-BE06-BA81ECB12E33}
		{40B1F605-D582-4A1A-A11A-25F52140E706} = {A992FD23-44A7-44AF-BE06-BA81ECB12E33}
		{020D3A81-1ED7-4893-ABE8-1B917ACCB15A} = {A992FD23-44A7-44AF-BE06-BA81ECB12E33}
	EndGlobalSection
EndGlobal
